// !$*UTF8*$!
{
	archiveVersion = 1;
	classes = {
	};
	objectVersion = 55;
	objects = {

/* Begin PBXBuildFile section */
		1DC209CD2824D6E3004E3B03 /* StudySwiftUIApp.swift in Sources */ = {isa = PBXBuildFile; fileRef = 1DC209CC2824D6E3004E3B03 /* StudySwiftUIApp.swift */; };
		1DC209CF2824D6E3004E3B03 /* ContentView.swift in Sources */ = {isa = PBXBuildFile; fileRef = 1DC209CE2824D6E3004E3B03 /* ContentView.swift */; };
		1DC209D12824D6E4004E3B03 /* Assets.xcassets in Resources */ = {isa = PBXBuildFile; fileRef = 1DC209D02824D6E4004E3B03 /* Assets.xcassets */; };
		1DC209D42824D6E4004E3B03 /* Preview Assets.xcassets in Resources */ = {isa = PBXBuildFile; fileRef = 1DC209D32824D6E4004E3B03 /* Preview Assets.xcassets */; };
		1DC209DD2824E077004E3B03 /* HanSJinView.swift in Sources */ = {isa = PBXBuildFile; fileRef = 1DC209DC2824E077004E3B03 /* HanSJinView.swift */; };
		1DC209DF2824E1BD004E3B03 /* AidosView.swift in Sources */ = {isa = PBXBuildFile; fileRef = 1DC209DE2824E1BD004E3B03 /* AidosView.swift */; };
		1DC209E12824E219004E3B03 /* screenshot.png in Resources */ = {isa = PBXBuildFile; fileRef = 1DC209E02824E219004E3B03 /* screenshot.png */; };
		1DC209E32824E25A004E3B03 /* README.md in Resources */ = {isa = PBXBuildFile; fileRef = 1DC209E22824E25A004E3B03 /* README.md */; };
/* End PBXBuildFile section */

/* Begin PBXFileReference section */
		1DC209C92824D6E3004E3B03 /* StudySwiftUI.app */ = {isa = PBXFileReference; explicitFileType = wrapper.application; includeInIndex = 0; path = StudySwiftUI.app; sourceTree = BUILT_PRODUCTS_DIR; };
		1DC209CC2824D6E3004E3B03 /* StudySwiftUIApp.swift */ = {isa = PBXFileReference; lastKnownFileType = sourcecode.swift; path = StudySwiftUIApp.swift; sourceTree = "<group>"; };
		1DC209CE2824D6E3004E3B03 /* ContentView.swift */ = {isa = PBXFileReference; lastKnownFileType = sourcecode.swift; path = ContentView.swift; sourceTree = "<group>"; };
		1DC209D02824D6E4004E3B03 /* Assets.xcassets */ = {isa = PBXFileReference; lastKnownFileType = folder.assetcatalog; path = Assets.xcassets; sourceTree = "<group>"; };
		1DC209D32824D6E4004E3B03 /* Preview Assets.xcassets */ = {isa = PBXFileReference; lastKnownFileType = folder.assetcatalog; path = "Preview Assets.xcassets"; sourceTree = "<group>"; };
		1DC209DC2824E077004E3B03 /* HanSJinView.swift */ = {isa = PBXFileReference; lastKnownFileType = sourcecode.swift; path = HanSJinView.swift; sourceTree = "<group>"; };
		1DC209DE2824E1BD004E3B03 /* AidosView.swift */ = {isa = PBXFileReference; lastKnownFileType = sourcecode.swift; path = AidosView.swift; sourceTree = "<group>"; };
		1DC209E02824E219004E3B03 /* screenshot.png */ = {isa = PBXFileReference; lastKnownFileType = image.png; path = screenshot.png; sourceTree = "<group>"; };
		1DC209E22824E25A004E3B03 /* README.md */ = {isa = PBXFileReference; fileEncoding = 4; lastKnownFileType = net.daringfireball.markdown; path = README.md; sourceTree = "<group>"; };
/* End PBXFileReference section */

/* Begin PBXFrameworksBuildPhase section */
		1DC209C62824D6E3004E3B03 /* Frameworks */ = {
			isa = PBXFrameworksBuildPhase;
			buildActionMask = 2147483647;
			files = (
			);
			runOnlyForDeploymentPostprocessing = 0;
		};
/* End PBXFrameworksBuildPhase section */

/* Begin PBXGroup section */
		1DC209C02824D6E3004E3B03 = {
			isa = PBXGroup;
			children = (
				1DC209E22824E25A004E3B03 /* README.md */,
				1DC209E02824E219004E3B03 /* screenshot.png */,
				1DC209CB2824D6E3004E3B03 /* StudySwiftUI */,
				1DC209CA2824D6E3004E3B03 /* Products */,
			);
			sourceTree = "<group>";
		};
		1DC209CA2824D6E3004E3B03 /* Products */ = {
			isa = PBXGroup;
			children = (
				1DC209C92824D6E3004E3B03 /* StudySwiftUI.app */,
			);
			name = Products;
			sourceTree = "<group>";
		};
		1DC209CB2824D6E3004E3B03 /* StudySwiftUI */ = {
			isa = PBXGroup;
			children = (
				1DC209CC2824D6E3004E3B03 /* StudySwiftUIApp.swift */,
				1DC209CE2824D6E3004E3B03 /* ContentView.swift */,
				1DC209DA2824D700004E3B03 /* HanSJin */,
				1DC209DB2824D707004E3B03 /* Aidos */,
				1DC209D02824D6E4004E3B03 /* Assets.xcassets */,
				1DC209D22824D6E4004E3B03 /* Preview Content */,
			);
			path = StudySwiftUI;
			sourceTree = "<group>";
		};
		1DC209D22824D6E4004E3B03 /* Preview Content */ = {
			isa = PBXGroup;
			children = (
				1DC209D32824D6E4004E3B03 /* Preview Assets.xcassets */,
			);
			path = "Preview Content";
			sourceTree = "<group>";
		};
		1DC209DA2824D700004E3B03 /* HanSJin */ = {
			isa = PBXGroup;
			children = (
				1DC209DC2824E077004E3B03 /* HanSJinView.swift */,
			);
			path = HanSJin;
			sourceTree = "<group>";
		};
		1DC209DB2824D707004E3B03 /* Aidos */ = {
			isa = PBXGroup;
			children = (
				1DC209DE2824E1BD004E3B03 /* AidosView.swift */,
			);
			path = Aidos;
			sourceTree = "<group>";
		};
/* End PBXGroup section */

/* Begin PBXNativeTarget section */
		1DC209C82824D6E3004E3B03 /* StudySwiftUI */ = {
			isa = PBXNativeTarget;
			buildConfigurationList = 1DC209D72824D6E4004E3B03 /* Build configuration list for PBXNativeTarget "StudySwiftUI" */;
			buildPhases = (
				1DC209C52824D6E3004E3B03 /* Sources */,
				1DC209C62824D6E3004E3B03 /* Frameworks */,
				1DC209C72824D6E3004E3B03 /* Resources */,
			);
			buildRules = (
			);
			dependencies = (
			);
			name = StudySwiftUI;
			productName = StudySwiftUI;
			productReference = 1DC209C92824D6E3004E3B03 /* StudySwiftUI.app */;
			productType = "com.apple.product-type.application";
		};
/* End PBXNativeTarget section */

/* Begin PBXProject section */
		1DC209C12824D6E3004E3B03 /* Project object */ = {
			isa = PBXProject;
			attributes = {
				BuildIndependentTargetsInParallel = 1;
				LastSwiftUpdateCheck = 1320;
				LastUpgradeCheck = 1320;
				TargetAttributes = {
					1DC209C82824D6E3004E3B03 = {
						CreatedOnToolsVersion = 13.2.1;
					};
				};
			};
			buildConfigurationList = 1DC209C42824D6E3004E3B03 /* Build configuration list for PBXProject "StudySwiftUI" */;
			compatibilityVersion = "Xcode 13.0";
			developmentRegion = en;
			hasScannedForEncodings = 0;
			knownRegions = (
				en,
				Base,
			);
			mainGroup = 1DC209C02824D6E3004E3B03;
			productRefGroup = 1DC209CA2824D6E3004E3B03 /* Products */;
			projectDirPath = "";
			projectRoot = "";
			targets = (
				1DC209C82824D6E3004E3B03 /* StudySwiftUI */,
			);
		};
/* End PBXProject section */

/* Begin PBXResourcesBuildPhase section */
		1DC209C72824D6E3004E3B03 /* Resources */ = {
			isa = PBXResourcesBuildPhase;
			buildActionMask = 2147483647;
			files = (
				1DC209E12824E219004E3B03 /* screenshot.png in Resources */,
				1DC209D42824D6E4004E3B03 /* Preview Assets.xcassets in Resources */,
				1DC209E32824E25A004E3B03 /* README.md in Resources */,
				1DC209D12824D6E4004E3B03 /* Assets.xcassets in Resources */,
			);
			runOnlyForDeploymentPostprocessing = 0;
		};
/* End PBXResourcesBuildPhase section */

/* Begin PBXSourcesBuildPhase section */
		1DC209C52824D6E3004E3B03 /* Sources */ = {
			isa = PBXSourcesBuildPhase;
			buildActionMask = 2147483647;
			files = (
				1DC209CF2824D6E3004E3B03 /* ContentView.swift in Sources */,
				1DC209DF2824E1BD004E3B03 /* AidosView.swift in Sources */,
				1DC209DD2824E077004E3B03 /* HanSJinView.swift in Sources */,
				1DC209CD2824D6E3004E3B03 /* StudySwiftUIApp.swift in Sources */,
			);
			runOnlyForDeploymentPostprocessing = 0;
		};
/* End PBXSourcesBuildPhase section */

/* Begin XCBuildConfiguration section */
		1DC209D52824D6E4004E3B03 /* Debug */ = {
			isa = XCBuildConfiguration;
			buildSettings = {
				ALWAYS_SEARCH_USER_PATHS = NO;
				CLANG_ANALYZER_NONNULL = YES;
				CLANG_ANALYZER_NUMBER_OBJECT_CONVERSION = YES_AGGRESSIVE;
				CLANG_CXX_LANGUAGE_STANDARD = "gnu++17";
				CLANG_CXX_LIBRARY = "libc++";
				CLANG_ENABLE_MODULES = YES;
				CLANG_ENABLE_OBJC_ARC = YES;
				CLANG_ENABLE_OBJC_WEAK = YES;
				CLANG_WARN_BLOCK_CAPTURE_AUTORELEASING = YES;
				CLANG_WARN_BOOL_CONVERSION = YES;
				CLANG_WARN_COMMA = YES;
				CLANG_WARN_CONSTANT_CONVERSION = YES;
				CLANG_WARN_DEPRECATED_OBJC_IMPLEMENTATIONS = YES;
				CLANG_WARN_DIRECT_OBJC_ISA_USAGE = YES_ERROR;
				CLANG_WARN_DOCUMENTATION_COMMENTS = YES;
				CLANG_WARN_EMPTY_BODY = YES;
				CLANG_WARN_ENUM_CONVERSION = YES;
				CLANG_WARN_INFINITE_RECURSION = YES;
				CLANG_WARN_INT_CONVERSION = YES;
				CLANG_WARN_NON_LITERAL_NULL_CONVERSION = YES;
				CLANG_WARN_OBJC_IMPLICIT_RETAIN_SELF = YES;
				CLANG_WARN_OBJC_LITERAL_CONVERSION = YES;
				CLANG_WARN_OBJC_ROOT_CLASS = YES_ERROR;
				CLANG_WARN_QUOTED_INCLUDE_IN_FRAMEWORK_HEADER = YES;
				CLANG_WARN_RANGE_LOOP_ANALYSIS = YES;
				CLANG_WARN_STRICT_PROTOTYPES = YES;
				CLANG_WARN_SUSPICIOUS_MOVE = YES;
				CLANG_WARN_UNGUARDED_AVAILABILITY = YES_AGGRESSIVE;
				CLANG_WARN_UNREACHABLE_CODE = YES;
				CLANG_WARN__DUPLICATE_METHOD_MATCH = YES;
				COPY_PHASE_STRIP = NO;
				DEBUG_INFORMATION_FORMAT = dwarf;
				ENABLE_STRICT_OBJC_MSGSEND = YES;
				ENABLE_TESTABILITY = YES;
				GCC_C_LANGUAGE_STANDARD = gnu11;
				GCC_DYNAMIC_NO_PIC = NO;
				GCC_NO_COMMON_BLOCKS = YES;
				GCC_OPTIMIZATION_LEVEL = 0;
				GCC_PREPROCESSOR_DEFINITIONS = (
					"DEBUG=1",
					"$(inherited)",
				);
				GCC_WARN_64_TO_32_BIT_CONVERSION = YES;
				GCC_WARN_ABOUT_RETURN_TYPE = YES_ERROR;
				GCC_WARN_UNDECLARED_SELECTOR = YES;
				GCC_WARN_UNINITIALIZED_AUTOS = YES_AGGRESSIVE;
				GCC_WARN_UNUSED_FUNCTION = YES;
				GCC_WARN_UNUSED_VARIABLE = YES;
				IPHONEOS_DEPLOYMENT_TARGET = 15.2;
				MTL_ENABLE_DEBUG_INFO = INCLUDE_SOURCE;
				MTL_FAST_MATH = YES;
				ONLY_ACTIVE_ARCH = YES;
				SDKROOT = iphoneos;
				SWIFT_ACTIVE_COMPILATION_CONDITIONS = DEBUG;
				SWIFT_OPTIMIZATION_LEVEL = "-Onone";
			};
			name = Debug;
		};
		1DC209D62824D6E4004E3B03 /* Release */ = {
			isa = XCBuildConfiguration;
			buildSettings = {
				ALWAYS_SEARCH_USER_PATHS = NO;
				CLANG_ANALYZER_NONNULL = YES;
				CLANG_ANALYZER_NUMBER_OBJECT_CONVERSION = YES_AGGRESSIVE;
				CLANG_CXX_LANGUAGE_STANDARD = "gnu++17";
				CLANG_CXX_LIBRARY = "libc++";
				CLANG_ENABLE_MODULES = YES;
				CLANG_ENABLE_OBJC_ARC = YES;
				CLANG_ENABLE_OBJC_WEAK = YES;
				CLANG_WARN_BLOCK_CAPTURE_AUTORELEASING = YES;
				CLANG_WARN_BOOL_CONVERSION = YES;
				CLANG_WARN_COMMA = YES;
				CLANG_WARN_CONSTANT_CONVERSION = YES;
				CLANG_WARN_DEPRECATED_OBJC_IMPLEMENTATIONS = YES;
				CLANG_WARN_DIRECT_OBJC_ISA_USAGE = YES_ERROR;
				CLANG_WARN_DOCUMENTATION_COMMENTS = YES;
				CLANG_WARN_EMPTY_BODY = YES;
				CLANG_WARN_ENUM_CONVERSION = YES;
				CLANG_WARN_INFINITE_RECURSION = YES;
				CLANG_WARN_INT_CONVERSION = YES;
				CLANG_WARN_NON_LITERAL_NULL_CONVERSION = YES;
				CLANG_WARN_OBJC_IMPLICIT_RETAIN_SELF = YES;
				CLANG_WARN_OBJC_LITERAL_CONVERSION = YES;
				CLANG_WARN_OBJC_ROOT_CLASS = YES_ERROR;
				CLANG_WARN_QUOTED_INCLUDE_IN_FRAMEWORK_HEADER = YES;
				CLANG_WARN_RANGE_LOOP_ANALYSIS = YES;
				CLANG_WARN_STRICT_PROTOTYPES = YES;
				CLANG_WARN_SUSPICIOUS_MOVE = YES;
				CLANG_WARN_UNGUARDED_AVAILABILITY = YES_AGGRESSIVE;
				CLANG_WARN_UNREACHABLE_CODE = YES;
				CLANG_WARN__DUPLICATE_METHOD_MATCH = YES;
				COPY_PHASE_STRIP = NO;
				DEBUG_INFORMATION_FORMAT = "dwarf-with-dsym";
				ENABLE_NS_ASSERTIONS = NO;
				ENABLE_STRICT_OBJC_MSGSEND = YES;
				GCC_C_LANGUAGE_STANDARD = gnu11;
				GCC_NO_COMMON_BLOCKS = YES;
				GCC_WARN_64_TO_32_BIT_CONVERSION = YES;
				GCC_WARN_ABOUT_RETURN_TYPE = YES_ERROR;
				GCC_WARN_UNDECLARED_SELECTOR = YES;
				GCC_WARN_UNINITIALIZED_AUTOS = YES_AGGRESSIVE;
				GCC_WARN_UNUSED_FUNCTION = YES;
				GCC_WARN_UNUSED_VARIABLE = YES;
				IPHONEOS_DEPLOYMENT_TARGET = 15.2;
				MTL_ENABLE_DEBUG_INFO = NO;
				MTL_FAST_MATH = YES;
				SDKROOT = iphoneos;
				SWIFT_COMPILATION_MODE = wholemodule;
				SWIFT_OPTIMIZATION_LEVEL = "-O";
				VALIDATE_PRODUCT = YES;
			};
			name = Release;
		};
		1DC209D82824D6E4004E3B03 /* Debug */ = {
			isa = XCBuildConfiguration;
			buildSettings = {
				ASSETCATALOG_COMPILER_APPICON_NAME = AppIcon;
				ASSETCATALOG_COMPILER_GLOBAL_ACCENT_COLOR_NAME = AccentColor;
				CODE_SIGN_STYLE = Automatic;
				CURRENT_PROJECT_VERSION = 1;
				DEVELOPMENT_ASSET_PATHS = "\"StudySwiftUI/Preview Content\"";
				DEVELOPMENT_TEAM = 4KAJTQ4393;
				ENABLE_PREVIEWS = YES;
				GENERATE_INFOPLIST_FILE = YES;
				INFOPLIST_KEY_UIApplicationSceneManifest_Generation = YES;
				INFOPLIST_KEY_UIApplicationSupportsIndirectInputEvents = YES;
				INFOPLIST_KEY_UILaunchScreen_Generation = YES;
				INFOPLIST_KEY_UISupportedInterfaceOrientations_iPad = "UIInterfaceOrientationPortrait UIInterfaceOrientationPortraitUpsideDown UIInterfaceOrientationLandscapeLeft UIInterfaceOrientationLandscapeRight";
				INFOPLIST_KEY_UISupportedInterfaceOrientations_iPhone = "UIInterfaceOrientationPortrait UIInterfaceOrientationLandscapeLeft UIInterfaceOrientationLandscapeRight";
				LD_RUNPATH_SEARCH_PATHS = (
					"$(inherited)",
					"@executable_path/Frameworks",
				);
				MARKETING_VERSION = 1.0;
				PRODUCT_BUNDLE_IDENTIFIER = com.sharecaring.StudySwiftUI;
				PRODUCT_NAME = "$(TARGET_NAME)";
				SWIFT_EMIT_LOC_STRINGS = YES;
				SWIFT_VERSION = 5.0;
				TARGETED_DEVICE_FAMILY = "1,2";
			};
			name = Debug;
		};
		1DC209D92824D6E4004E3B03 /* Release */ = {
			isa = XCBuildConfiguration;
			buildSettings = {
				ASSETCATALOG_COMPILER_APPICON_NAME = AppIcon;
				ASSETCATALOG_COMPILER_GLOBAL_ACCENT_COLOR_NAME = AccentColor;
				CODE_SIGN_STYLE = Automatic;
				CURRENT_PROJECT_VERSION = 1;
				DEVELOPMENT_ASSET_PATHS = "\"StudySwiftUI/Preview Content\"";
				DEVELOPMENT_TEAM = 4KAJTQ4393;
				ENABLE_PREVIEWS = YES;
				GENERATE_INFOPLIST_FILE = YES;
				INFOPLIST_KEY_UIApplicationSceneManifest_Generation = YES;
				INFOPLIST_KEY_UIApplicationSupportsIndirectInputEvents = YES;
				INFOPLIST_KEY_UILaunchScreen_Generation = YES;
				INFOPLIST_KEY_UISupportedInterfaceOrientations_iPad = "UIInterfaceOrientationPortrait UIInterfaceOrientationPortraitUpsideDown UIInterfaceOrientationLandscapeLeft UIInterfaceOrientationLandscapeRight";
				INFOPLIST_KEY_UISupportedInterfaceOrientations_iPhone = "UIInterfaceOrientationPortrait UIInterfaceOrientationLandscapeLeft UIInterfaceOrientationLandscapeRight";
				LD_RUNPATH_SEARCH_PATHS = (
					"$(inherited)",
					"@executable_path/Frameworks",
				);
				MARKETING_VERSION = 1.0;
				PRODUCT_BUNDLE_IDENTIFIER = com.sharecaring.StudySwiftUI;
				PRODUCT_NAME = "$(TARGET_NAME)";
				SWIFT_EMIT_LOC_STRINGS = YES;
				SWIFT_VERSION = 5.0;
				TARGETED_DEVICE_FAMILY = "1,2";
			};
			name = Release;
		};
/* End XCBuildConfiguration section */

/* Begin XCConfigurationList section */
		1DC209C42824D6E3004E3B03 /* Build configuration list for PBXProject "StudySwiftUI" */ = {
			isa = XCConfigurationList;
			buildConfigurations = (
				1DC209D52824D6E4004E3B03 /* Debug */,
				1DC209D62824D6E4004E3B03 /* Release */,
			);
			defaultConfigurationIsVisible = 0;
			defaultConfigurationName = Release;
		};
		1DC209D72824D6E4004E3B03 /* Build configuration list for PBXNativeTarget "StudySwiftUI" */ = {
			isa = XCConfigurationList;
			buildConfigurations = (
				1DC209D82824D6E4004E3B03 /* Debug */,
				1DC209D92824D6E4004E3B03 /* Release */,
			);
			defaultConfigurationIsVisible = 0;
			defaultConfigurationName = Release;
		};
/* End XCConfigurationList section */
	};
	rootObject = 1DC209C12824D6E3004E3B03 /* Project object */;
}
